
Microsoft Visual Studio Solution File, Format Version 12.00
# Visual Studio Version 18
VisualStudioVersion = 18.4.11605.240
MinimumVisualStudioVersion = 10.0.40219.1
Project("{FAE04EC0-301F-11D3-BF4B-00C04F79EFBC}") = "MessengerRando", "MessengerRando.csproj", "{6271B317-0737-489F-8319-67F0AC291D20}"
EndProject
Project("{FAE04EC0-301F-11D3-BF4B-00C04F79EFBC}") = "TheMessengerRandomizerTest", "TheMessengerRandomizerTest\TheMessengerRandomizerTest.csproj", "{E476E3EB-F642-498C-BA6E-39F00CC42066}"
EndProject
Project("{FAE04EC0-301F-11D3-BF4B-00C04F79EFBC}") = "Assembly-CSharp", "..\The Messenger Ripped\Assembly-CSharp.csproj", "{9E8FC648-22EA-88FA-091C-9F4B5C769262}"
EndProject
Project("{FAE04EC0-301F-11D3-BF4B-00C04F79EFBC}") = "Assembly-CSharp-Editor", "..\The Messenger Ripped\Assembly-CSharp-Editor.csproj", "{6D4BCBC1-9407-5FD9-0D4B-F93B01B4344E}"
EndProject
Project("{FAE04EC0-301F-11D3-BF4B-00C04F79EFBC}") = "Assembly-CSharp-firstpass", "..\The Messenger Ripped\Assembly-CSharp-firstpass.csproj", "{6E41C9AF-1E65-F64B-B8B9-50BC4AB08D32}"
EndProject
Global
	GlobalSection(SolutionConfigurationPlatforms) = preSolution
		Debug|Any CPU = Debug|Any CPU
		Debug|x64 = Debug|x64
		Debug|x86 = Debug|x86
		Release|Any CPU = Release|Any CPU
		Release|x64 = Release|x64
		Release|x86 = Release|x86
	EndGlobalSection
	GlobalSection(ProjectConfigurationPlatforms) = postSolution
		{6271B317-0737-489F-8319-67F0AC291D20}.Debug|Any CPU.ActiveCfg = Debug|Any CPU
		{6271B317-0737-489F-8319-67F0AC291D20}.Debug|Any CPU.Build.0 = Debug|Any CPU
		{6271B317-0737-489F-8319-67F0AC291D20}.Debug|x64.ActiveCfg = Debug|Any CPU
		{6271B317-0737-489F-8319-67F0AC291D20}.Debug|x64.Build.0 = Debug|Any CPU
		{6271B317-0737-489F-8319-67F0AC291D20}.Debug|x86.ActiveCfg = Debug|Any CPU
		{6271B317-0737-489F-8319-67F0AC291D20}.Debug|x86.Build.0 = Debug|Any CPU
		{6271B317-0737-489F-8319-67F0AC291D20}.Release|Any CPU.ActiveCfg = Release|Any CPU
		{6271B317-0737-489F-8319-67F0AC291D20}.Release|Any CPU.Build.0 = Release|Any CPU
		{6271B317-0737-489F-8319-67F0AC291D20}.Release|x64.ActiveCfg = Release|Any CPU
		{6271B317-0737-489F-8319-67F0AC291D20}.Release|x64.Build.0 = Release|Any CPU
		{6271B317-0737-489F-8319-67F0AC291D20}.Release|x86.ActiveCfg = Release|Any CPU
		{6271B317-0737-489F-8319-67F0AC291D20}.Release|x86.Build.0 = Release|Any CPU
		{E476E3EB-F642-498C-BA6E-39F00CC42066}.Debug|Any CPU.ActiveCfg = Debug|Any CPU
		{E476E3EB-F642-498C-BA6E-39F00CC42066}.Debug|Any CPU.Build.0 = Debug|Any CPU
		{E476E3EB-F642-498C-BA6E-39F00CC42066}.Debug|x64.ActiveCfg = Debug|Any CPU
		{E476E3EB-F642-498C-BA6E-39F00CC42066}.Debug|x64.Build.0 = Debug|Any CPU
		{E476E3EB-F642-498C-BA6E-39F00CC42066}.Debug|x86.ActiveCfg = Debug|Any CPU
		{E476E3EB-F642-498C-BA6E-39F00CC42066}.Debug|x86.Build.0 = Debug|Any CPU
		{E476E3EB-F642-498C-BA6E-39F00CC42066}.Release|Any CPU.ActiveCfg = Release|Any CPU
		{E476E3EB-F642-498C-BA6E-39F00CC42066}.Release|Any CPU.Build.0 = Release|Any CPU
		{E476E3EB-F642-498C-BA6E-39F00CC42066}.Release|x64.ActiveCfg = Release|Any CPU
		{E476E3EB-F642-498C-BA6E-39F00CC42066}.Release|x64.Build.0 = Release|Any CPU
		{E476E3EB-F642-498C-BA6E-39F00CC42066}.Release|x86.ActiveCfg = Release|Any CPU
		{E476E3EB-F642-498C-BA6E-39F00CC42066}.Release|x86.Build.0 = Release|Any CPU
		{9E8FC648-22EA-88FA-091C-9F4B5C769262}.Debug|Any CPU.ActiveCfg = Debug|Any CPU
		{9E8FC648-22EA-88FA-091C-9F4B5C769262}.Debug|Any CPU.Build.0 = Debug|Any CPU
		{9E8FC648-22EA-88FA-091C-9F4B5C769262}.Debug|x64.ActiveCfg = Debug|Any CPU
		{9E8FC648-22EA-88FA-091C-9F4B5C769262}.Debug|x64.Build.0 = Debug|Any CPU
		{9E8FC648-22EA-88FA-091C-9F4B5C769262}.Debug|x86.ActiveCfg = Debug|Any CPU
		{9E8FC648-22EA-88FA-091C-9F4B5C769262}.Debug|x86.Build.0 = Debug|Any CPU
		{9E8FC648-22EA-88FA-091C-9F4B5C769262}.Release|Any CPU.ActiveCfg = Release|Any CPU
		{9E8FC648-22EA-88FA-091C-9F4B5C769262}.Release|Any CPU.Build.0 = Release|Any CPU
		{9E8FC648-22EA-88FA-091C-9F4B5C769262}.Release|x64.ActiveCfg = Release|Any CPU
		{9E8FC648-22EA-88FA-091C-9F4B5C769262}.Release|x64.Build.0 = Release|Any CPU
		{9E8FC648-22EA-88FA-091C-9F4B5C769262}.Release|x86.ActiveCfg = Release|Any CPU
		{9E8FC648-22EA-88FA-091C-9F4B5C769262}.Release|x86.Build.0 = Release|Any CPU
		{6D4BCBC1-9407-5FD9-0D4B-F93B01B4344E}.Debug|Any CPU.ActiveCfg = Debug|Any CPU
		{6D4BCBC1-9407-5FD9-0D4B-F93B01B4344E}.Debug|Any CPU.Build.0 = Debug|Any CPU
		{6D4BCBC1-9407-5FD9-0D4B-F93B01B4344E}.Debug|x64.ActiveCfg = Debug|Any CPU
		{6D4BCBC1-9407-5FD9-0D4B-F93B01B4344E}.Debug|x64.Build.0 = Debug|Any CPU
		{6D4BCBC1-9407-5FD9-0D4B-F93B01B4344E}.Debug|x86.ActiveCfg = Debug|Any CPU
		{6D4BCBC1-9407-5FD9-0D4B-F93B01B4344E}.Debug|x86.Build.0 = Debug|Any CPU
		{6D4BCBC1-9407-5FD9-0D4B-F93B01B4344E}.Release|Any CPU.ActiveCfg = Release|Any CPU
		{6D4BCBC1-9407-5FD9-0D4B-F93B01B4344E}.Release|Any CPU.Build.0 = Release|Any CPU
		{6D4BCBC1-9407-5FD9-0D4B-F93B01B4344E}.Release|x64.ActiveCfg = Release|Any CPU
		{6D4BCBC1-9407-5FD9-0D4B-F93B01B4344E}.Release|x64.Build.0 = Release|Any CPU
		{6D4BCBC1-9407-5FD9-0D4B-F93B01B4344E}.Release|x86.ActiveCfg = Release|Any CPU
		{6D4BCBC1-9407-5FD9-0D4B-F93B01B4344E}.Release|x86.Build.0 = Release|Any CPU
		{6E41C9AF-1E65-F64B-B8B9-50BC4AB08D32}.Debug|Any CPU.ActiveCfg = Debug|Any CPU
		{6E41C9AF-1E65-F64B-B8B9-50BC4AB08D32}.Debug|Any CPU.Build.0 = Debug|Any CPU
		{6E41C9AF-1E65-F64B-B8B9-50BC4AB08D32}.Debug|x64.ActiveCfg = Debug|Any CPU
		{6E41C9AF-1E65-F64B-B8B9-50BC4AB08D32}.Debug|x64.Build.0 = Debug|Any CPU
		{6E41C9AF-1E65-F64B-B8B9-50BC4AB08D32}.Debug|x86.ActiveCfg = Debug|Any CPU
		{6E41C9AF-1E65-F64B-B8B9-50BC4AB08D32}.Debug|x86.Build.0 = Debug|Any CPU
		{6E41C9AF-1E65-F64B-B8B9-50BC4AB08D32}.Release|Any CPU.ActiveCfg = Release|Any CPU
		{6E41C9AF-1E65-F64B-B8B9-50BC4AB08D32}.Release|Any CPU.Build.0 = Release|Any CPU
		{6E41C9AF-1E65-F64B-B8B9-50BC4AB08D32}.Release|x64.ActiveCfg = Release|Any CPU
		{6E41C9AF-1E65-F64B-B8B9-50BC4AB08D32}.Release|x64.Build.0 = Release|Any CPU
		{6E41C9AF-1E65-F64B-B8B9-50BC4AB08D32}.Release|x86.ActiveCfg = Release|Any CPU
		{6E41C9AF-1E65-F64B-B8B9-50BC4AB08D32}.Release|x86.Build.0 = Release|Any CPU
	EndGlobalSection
	GlobalSection(SolutionProperties) = preSolution
		HideSolutionNode = FALSE
	EndGlobalSection
	GlobalSection(ExtensibilityGlobals) = postSolution
		SolutionGuid = {33F7DFA5-3CA6-4257-B902-DA08DEB42F50}
	EndGlobalSection
EndGlobal
